// !$*UTF8*$!
{
	archiveVersion = 1;
	classes = {
	};
	objectVersion = 46;
	objects = {

/* Begin PBXBuildFile section */
		839229321A79BA6E001E098F /* AppDelegate.swift in Sources */ = {isa = PBXBuildFile; fileRef = 839229311A79BA6E001E098F /* AppDelegate.swift */; };
		839229341A79BA6E001E098F /* ViewController.swift in Sources */ = {isa = PBXBuildFile; fileRef = 839229331A79BA6E001E098F /* ViewController.swift */; };
		839229371A79BA6E001E098F /* Main.storyboard in Resources */ = {isa = PBXBuildFile; fileRef = 839229351A79BA6E001E098F /* Main.storyboard */; };
		839229391A79BA6E001E098F /* Images.xcassets in Resources */ = {isa = PBXBuildFile; fileRef = 839229381A79BA6E001E098F /* Images.xcassets */; };
		8392293C1A79BA6E001E098F /* LaunchScreen.xib in Resources */ = {isa = PBXBuildFile; fileRef = 8392293A1A79BA6E001E098F /* LaunchScreen.xib */; };
		839229631A79BF1F001E098F /* EdmundsAPIManager.swift in Sources */ = {isa = PBXBuildFile; fileRef = 839229611A79BF1F001E098F /* EdmundsAPIManager.swift */; };
		839229641A79BF1F001E098F /* EdmundsAPIManager.swift in Sources */ = {isa = PBXBuildFile; fileRef = 839229611A79BF1F001E098F /* EdmundsAPIManager.swift */; };
		839229651A79BF1F001E098F /* VehicleSpecs.swift in Sources */ = {isa = PBXBuildFile; fileRef = 839229621A79BF1F001E098F /* VehicleSpecs.swift */; };
		839229661A79BF1F001E098F /* VehicleSpecs.swift in Sources */ = {isa = PBXBuildFile; fileRef = 839229621A79BF1F001E098F /* VehicleSpecs.swift */; };
		83BD95AA1A7BD9CE0074AECB /* VehicleMedia.swift in Sources */ = {isa = PBXBuildFile; fileRef = 83BD95A91A7BD9CE0074AECB /* VehicleMedia.swift */; };
		83BD95AB1A7BD9CE0074AECB /* VehicleMedia.swift in Sources */ = {isa = PBXBuildFile; fileRef = 83BD95A91A7BD9CE0074AECB /* VehicleMedia.swift */; };
		83BD95AE1A7BDB640074AECB /* VehicleMedia_SwiftTests.swift in Sources */ = {isa = PBXBuildFile; fileRef = 83BD95AC1A7BDB640074AECB /* VehicleMedia_SwiftTests.swift */; };
		83BD95B01A7BDF490074AECB /* VehiclePricing.swift in Sources */ = {isa = PBXBuildFile; fileRef = 83BD95AF1A7BDF490074AECB /* VehiclePricing.swift */; };
		83BD95B11A7BDF490074AECB /* VehiclePricing.swift in Sources */ = {isa = PBXBuildFile; fileRef = 83BD95AF1A7BDF490074AECB /* VehiclePricing.swift */; };
		83BD95B31A7BE0C60074AECB /* VehiclePricing_SwiftTests.swift in Sources */ = {isa = PBXBuildFile; fileRef = 83BD95B21A7BE0C60074AECB /* VehiclePricing_SwiftTests.swift */; };
		83BD95B41A7BEBBF0074AECB /* VehicleSpecs_SwiftTests.swift in Sources */ = {isa = PBXBuildFile; fileRef = 839229571A79BAAB001E098F /* VehicleSpecs_SwiftTests.swift */; };
		83C861B31A7D3C8700D1ED16 /* VehicleContent.swift in Sources */ = {isa = PBXBuildFile; fileRef = 83C861B21A7D3C8700D1ED16 /* VehicleContent.swift */; };
		83C861B41A7D3C8700D1ED16 /* VehicleContent.swift in Sources */ = {isa = PBXBuildFile; fileRef = 83C861B21A7D3C8700D1ED16 /* VehicleContent.swift */; };
		83C861B71A7D3E8900D1ED16 /* VehicleContent_SwiftTests.swift in Sources */ = {isa = PBXBuildFile; fileRef = 83C861B51A7D3E7C00D1ED16 /* VehicleContent_SwiftTests.swift */; };
		83C861BC1A7D46DB00D1ED16 /* VehicleService.swift in Sources */ = {isa = PBXBuildFile; fileRef = 83C861BB1A7D46DB00D1ED16 /* VehicleService.swift */; };
		83C861BD1A7D46DB00D1ED16 /* VehicleService.swift in Sources */ = {isa = PBXBuildFile; fileRef = 83C861BB1A7D46DB00D1ED16 /* VehicleService.swift */; };
		83C861C11A7D477F00D1ED16 /* VehicleService_SwiftTests.swift in Sources */ = {isa = PBXBuildFile; fileRef = 83C861C01A7D477F00D1ED16 /* VehicleService_SwiftTests.swift */; };
/* End PBXBuildFile section */

/* Begin PBXContainerItemProxy section */
		839229421A79BA6E001E098F /* PBXContainerItemProxy */ = {
			isa = PBXContainerItemProxy;
			containerPortal = 839229241A79BA6D001E098F /* Project object */;
			proxyType = 1;
			remoteGlobalIDString = 8392292B1A79BA6E001E098F;
			remoteInfo = EdmundsAPI;
		};
/* End PBXContainerItemProxy section */

/* Begin PBXFileReference section */
		8392292C1A79BA6E001E098F /* EdmundsAPI.app */ = {isa = PBXFileReference; explicitFileType = wrapper.application; includeInIndex = 0; path = EdmundsAPI.app; sourceTree = BUILT_PRODUCTS_DIR; };
		839229301A79BA6E001E098F /* Info.plist */ = {isa = PBXFileReference; lastKnownFileType = text.plist.xml; path = Info.plist; sourceTree = "<group>"; };
		839229311A79BA6E001E098F /* AppDelegate.swift */ = {isa = PBXFileReference; lastKnownFileType = sourcecode.swift; path = AppDelegate.swift; sourceTree = "<group>"; };
		839229331A79BA6E001E098F /* ViewController.swift */ = {isa = PBXFileReference; lastKnownFileType = sourcecode.swift; path = ViewController.swift; sourceTree = "<group>"; };
		839229361A79BA6E001E098F /* Base */ = {isa = PBXFileReference; lastKnownFileType = file.storyboard; name = Base; path = Base.lproj/Main.storyboard; sourceTree = "<group>"; };
		839229381A79BA6E001E098F /* Images.xcassets */ = {isa = PBXFileReference; lastKnownFileType = folder.assetcatalog; path = Images.xcassets; sourceTree = "<group>"; };
		8392293B1A79BA6E001E098F /* Base */ = {isa = PBXFileReference; lastKnownFileType = file.xib; name = Base; path = Base.lproj/LaunchScreen.xib; sourceTree = "<group>"; };
		839229411A79BA6E001E098F /* EdmundsAPITests.xctest */ = {isa = PBXFileReference; explicitFileType = wrapper.cfbundle; includeInIndex = 0; path = EdmundsAPITests.xctest; sourceTree = BUILT_PRODUCTS_DIR; };
		839229461A79BA6E001E098F /* Info.plist */ = {isa = PBXFileReference; lastKnownFileType = text.plist.xml; path = Info.plist; sourceTree = "<group>"; };
		839229571A79BAAB001E098F /* VehicleSpecs_SwiftTests.swift */ = {isa = PBXFileReference; fileEncoding = 4; lastKnownFileType = sourcecode.swift; path = VehicleSpecs_SwiftTests.swift; sourceTree = "<group>"; };
		839229611A79BF1F001E098F /* EdmundsAPIManager.swift */ = {isa = PBXFileReference; fileEncoding = 4; lastKnownFileType = sourcecode.swift; lineEnding = 0; path = EdmundsAPIManager.swift; sourceTree = "<group>"; xcLanguageSpecificationIdentifier = xcode.lang.swift; };
		839229621A79BF1F001E098F /* VehicleSpecs.swift */ = {isa = PBXFileReference; fileEncoding = 4; lastKnownFileType = sourcecode.swift; path = VehicleSpecs.swift; sourceTree = "<group>"; };
		83BD95A91A7BD9CE0074AECB /* VehicleMedia.swift */ = {isa = PBXFileReference; fileEncoding = 4; lastKnownFileType = sourcecode.swift; path = VehicleMedia.swift; sourceTree = "<group>"; };
		83BD95AC1A7BDB640074AECB /* VehicleMedia_SwiftTests.swift */ = {isa = PBXFileReference; fileEncoding = 4; lastKnownFileType = sourcecode.swift; path = VehicleMedia_SwiftTests.swift; sourceTree = "<group>"; };
		83BD95AF1A7BDF490074AECB /* VehiclePricing.swift */ = {isa = PBXFileReference; fileEncoding = 4; lastKnownFileType = sourcecode.swift; lineEnding = 0; path = VehiclePricing.swift; sourceTree = "<group>"; xcLanguageSpecificationIdentifier = xcode.lang.swift; };
		83BD95B21A7BE0C60074AECB /* VehiclePricing_SwiftTests.swift */ = {isa = PBXFileReference; fileEncoding = 4; lastKnownFileType = sourcecode.swift; lineEnding = 0; path = VehiclePricing_SwiftTests.swift; sourceTree = "<group>"; xcLanguageSpecificationIdentifier = xcode.lang.swift; };
		83C861B21A7D3C8700D1ED16 /* VehicleContent.swift */ = {isa = PBXFileReference; fileEncoding = 4; lastKnownFileType = sourcecode.swift; path = VehicleContent.swift; sourceTree = "<group>"; };
		83C861B51A7D3E7C00D1ED16 /* VehicleContent_SwiftTests.swift */ = {isa = PBXFileReference; fileEncoding = 4; lastKnownFileType = sourcecode.swift; path = VehicleContent_SwiftTests.swift; sourceTree = "<group>"; };
		83C861BB1A7D46DB00D1ED16 /* VehicleService.swift */ = {isa = PBXFileReference; fileEncoding = 4; lastKnownFileType = sourcecode.swift; path = VehicleService.swift; sourceTree = "<group>"; };
		83C861C01A7D477F00D1ED16 /* VehicleService_SwiftTests.swift */ = {isa = PBXFileReference; fileEncoding = 4; lastKnownFileType = sourcecode.swift; path = VehicleService_SwiftTests.swift; sourceTree = "<group>"; };
/* End PBXFileReference section */

/* Begin PBXFrameworksBuildPhase section */
		839229291A79BA6E001E098F /* Frameworks */ = {
			isa = PBXFrameworksBuildPhase;
			buildActionMask = 2147483647;
			files = (
			);
			runOnlyForDeploymentPostprocessing = 0;
		};
		8392293E1A79BA6E001E098F /* Frameworks */ = {
			isa = PBXFrameworksBuildPhase;
			buildActionMask = 2147483647;
			files = (
			);
			runOnlyForDeploymentPostprocessing = 0;
		};
/* End PBXFrameworksBuildPhase section */

/* Begin PBXGroup section */
		839229231A79BA6D001E098F = {
			isa = PBXGroup;
			children = (
				8392292E1A79BA6E001E098F /* EdmundsAPI */,
				839229441A79BA6E001E098F /* EdmundsAPITests */,
				8392292D1A79BA6E001E098F /* Products */,
			);
			sourceTree = "<group>";
		};
		8392292D1A79BA6E001E098F /* Products */ = {
			isa = PBXGroup;
			children = (
				8392292C1A79BA6E001E098F /* EdmundsAPI.app */,
				839229411A79BA6E001E098F /* EdmundsAPITests.xctest */,
			);
			name = Products;
			sourceTree = "<group>";
		};
		8392292E1A79BA6E001E098F /* EdmundsAPI */ = {
			isa = PBXGroup;
			children = (
				839229601A79BF1F001E098F /* EdmundsAPI-Swift */,
				839229351A79BA6E001E098F /* Main.storyboard */,
				839229381A79BA6E001E098F /* Images.xcassets */,
				8392293A1A79BA6E001E098F /* LaunchScreen.xib */,
				839229331A79BA6E001E098F /* ViewController.swift */,
				8392292F1A79BA6E001E098F /* Supporting Files */,
			);
			path = EdmundsAPI;
			sourceTree = "<group>";
		};
		8392292F1A79BA6E001E098F /* Supporting Files */ = {
			isa = PBXGroup;
			children = (
				839229311A79BA6E001E098F /* AppDelegate.swift */,
				839229301A79BA6E001E098F /* Info.plist */,
			);
			name = "Supporting Files";
			sourceTree = "<group>";
		};
		839229441A79BA6E001E098F /* EdmundsAPITests */ = {
			isa = PBXGroup;
			children = (
				839229571A79BAAB001E098F /* VehicleSpecs_SwiftTests.swift */,
				83BD95AC1A7BDB640074AECB /* VehicleMedia_SwiftTests.swift */,
				83BD95B21A7BE0C60074AECB /* VehiclePricing_SwiftTests.swift */,
				83C861B51A7D3E7C00D1ED16 /* VehicleContent_SwiftTests.swift */,
				83C861C01A7D477F00D1ED16 /* VehicleService_SwiftTests.swift */,
				839229451A79BA6E001E098F /* Supporting Files */,
			);
			path = EdmundsAPITests;
			sourceTree = "<group>";
		};
		839229451A79BA6E001E098F /* Supporting Files */ = {
			isa = PBXGroup;
			children = (
				839229461A79BA6E001E098F /* Info.plist */,
			);
			name = "Supporting Files";
			sourceTree = "<group>";
		};
		839229601A79BF1F001E098F /* EdmundsAPI-Swift */ = {
			isa = PBXGroup;
			children = (
				839229611A79BF1F001E098F /* EdmundsAPIManager.swift */,
				839229621A79BF1F001E098F /* VehicleSpecs.swift */,
				83BD95A91A7BD9CE0074AECB /* VehicleMedia.swift */,
				83BD95AF1A7BDF490074AECB /* VehiclePricing.swift */,
				83C861B21A7D3C8700D1ED16 /* VehicleContent.swift */,
				83C861BB1A7D46DB00D1ED16 /* VehicleService.swift */,
			);
			path = "EdmundsAPI-Swift";
			sourceTree = "<group>";
		};
/* End PBXGroup section */

/* Begin PBXNativeTarget section */
		8392292B1A79BA6E001E098F /* EdmundsAPI */ = {
			isa = PBXNativeTarget;
			buildConfigurationList = 8392294B1A79BA6E001E098F /* Build configuration list for PBXNativeTarget "EdmundsAPI" */;
			buildPhases = (
				839229281A79BA6E001E098F /* Sources */,
				839229291A79BA6E001E098F /* Frameworks */,
				8392292A1A79BA6E001E098F /* Resources */,
			);
			buildRules = (
			);
			dependencies = (
			);
			name = EdmundsAPI;
			productName = EdmundsAPI;
			productReference = 8392292C1A79BA6E001E098F /* EdmundsAPI.app */;
			productType = "com.apple.product-type.application";
		};
		839229401A79BA6E001E098F /* EdmundsAPITests */ = {
			isa = PBXNativeTarget;
			buildConfigurationList = 8392294E1A79BA6E001E098F /* Build configuration list for PBXNativeTarget "EdmundsAPITests" */;
			buildPhases = (
				8392293D1A79BA6E001E098F /* Sources */,
				8392293E1A79BA6E001E098F /* Frameworks */,
				8392293F1A79BA6E001E098F /* Resources */,
			);
			buildRules = (
			);
			dependencies = (
				839229431A79BA6E001E098F /* PBXTargetDependency */,
			);
			name = EdmundsAPITests;
			productName = EdmundsAPITests;
			productReference = 839229411A79BA6E001E098F /* EdmundsAPITests.xctest */;
			productType = "com.apple.product-type.bundle.unit-test";
		};
/* End PBXNativeTarget section */

/* Begin PBXProject section */
		839229241A79BA6D001E098F /* Project object */ = {
			isa = PBXProject;
			attributes = {
				LastUpgradeCheck = 0610;
				ORGANIZATIONNAME = "Frames Per Sound";
				TargetAttributes = {
					8392292B1A79BA6E001E098F = {
						CreatedOnToolsVersion = 6.1.1;
					};
					839229401A79BA6E001E098F = {
						CreatedOnToolsVersion = 6.1.1;
						TestTargetID = 8392292B1A79BA6E001E098F;
					};
				};
			};
			buildConfigurationList = 839229271A79BA6E001E098F /* Build configuration list for PBXProject "EdmundsAPI" */;
			compatibilityVersion = "Xcode 3.2";
			developmentRegion = English;
			hasScannedForEncodings = 0;
			knownRegions = (
				en,
				Base,
			);
			mainGroup = 839229231A79BA6D001E098F;
			productRefGroup = 8392292D1A79BA6E001E098F /* Products */;
			projectDirPath = "";
			projectRoot = "";
			targets = (
				8392292B1A79BA6E001E098F /* EdmundsAPI */,
				839229401A79BA6E001E098F /* EdmundsAPITests */,
			);
		};
/* End PBXProject section */

/* Begin PBXResourcesBuildPhase section */
		8392292A1A79BA6E001E098F /* Resources */ = {
			isa = PBXResourcesBuildPhase;
			buildActionMask = 2147483647;
			files = (
				839229371A79BA6E001E098F /* Main.storyboard in Resources */,
				8392293C1A79BA6E001E098F /* LaunchScreen.xib in Resources */,
				839229391A79BA6E001E098F /* Images.xcassets in Resources */,
			);
			runOnlyForDeploymentPostprocessing = 0;
		};
		8392293F1A79BA6E001E098F /* Resources */ = {
			isa = PBXResourcesBuildPhase;
			buildActionMask = 2147483647;
			files = (
			);
			runOnlyForDeploymentPostprocessing = 0;
		};
/* End PBXResourcesBuildPhase section */

/* Begin PBXSourcesBuildPhase section */
		839229281A79BA6E001E098F /* Sources */ = {
			isa = PBXSourcesBuildPhase;
			buildActionMask = 2147483647;
			files = (
				83C861BC1A7D46DB00D1ED16 /* VehicleService.swift in Sources */,
				83C861B31A7D3C8700D1ED16 /* VehicleContent.swift in Sources */,
				839229631A79BF1F001E098F /* EdmundsAPIManager.swift in Sources */,
				839229341A79BA6E001E098F /* ViewController.swift in Sources */,
				83BD95AA1A7BD9CE0074AECB /* VehicleMedia.swift in Sources */,
				839229321A79BA6E001E098F /* AppDelegate.swift in Sources */,
				839229651A79BF1F001E098F /* VehicleSpecs.swift in Sources */,
				83BD95B01A7BDF490074AECB /* VehiclePricing.swift in Sources */,
			);
			runOnlyForDeploymentPostprocessing = 0;
		};
		8392293D1A79BA6E001E098F /* Sources */ = {
			isa = PBXSourcesBuildPhase;
			buildActionMask = 2147483647;
			files = (
				83C861BD1A7D46DB00D1ED16 /* VehicleService.swift in Sources */,
				83BD95B31A7BE0C60074AECB /* VehiclePricing_SwiftTests.swift in Sources */,
				83BD95B41A7BEBBF0074AECB /* VehicleSpecs_SwiftTests.swift in Sources */,
				83C861B41A7D3C8700D1ED16 /* VehicleContent.swift in Sources */,
				83BD95AB1A7BD9CE0074AECB /* VehicleMedia.swift in Sources */,
				839229661A79BF1F001E098F /* VehicleSpecs.swift in Sources */,
				83C861B71A7D3E8900D1ED16 /* VehicleContent_SwiftTests.swift in Sources */,
				83BD95AE1A7BDB640074AECB /* VehicleMedia_SwiftTests.swift in Sources */,
				839229641A79BF1F001E098F /* EdmundsAPIManager.swift in Sources */,
				83C861C11A7D477F00D1ED16 /* VehicleService_SwiftTests.swift in Sources */,
				83BD95B11A7BDF490074AECB /* VehiclePricing.swift in Sources */,
			);
			runOnlyForDeploymentPostprocessing = 0;
		};
/* End PBXSourcesBuildPhase section */

/* Begin PBXTargetDependency section */
		839229431A79BA6E001E098F /* PBXTargetDependency */ = {
			isa = PBXTargetDependency;
			target = 8392292B1A79BA6E001E098F /* EdmundsAPI */;
			targetProxy = 839229421A79BA6E001E098F /* PBXContainerItemProxy */;
		};
/* End PBXTargetDependency section */

/* Begin PBXVariantGroup section */
		839229351A79BA6E001E098F /* Main.storyboard */ = {
			isa = PBXVariantGroup;
			children = (
				839229361A79BA6E001E098F /* Base */,
			);
			name = Main.storyboard;
			sourceTree = "<group>";
		};
		8392293A1A79BA6E001E098F /* LaunchScreen.xib */ = {
			isa = PBXVariantGroup;
			children = (
				8392293B1A79BA6E001E098F /* Base */,
			);
			name = LaunchScreen.xib;
			sourceTree = "<group>";
		};
/* End PBXVariantGroup section */

/* Begin XCBuildConfiguration section */
		839229491A79BA6E001E098F /* Debug */ = {
			isa = XCBuildConfiguration;
			buildSettings = {
				ALWAYS_SEARCH_USER_PATHS = NO;
				CLANG_CXX_LANGUAGE_STANDARD = "gnu++0x";
				CLANG_CXX_LIBRARY = "libc++";
				CLANG_ENABLE_MODULES = YES;
				CLANG_ENABLE_OBJC_ARC = YES;
				CLANG_WARN_BOOL_CONVERSION = YES;
				CLANG_WARN_CONSTANT_CONVERSION = YES;
				CLANG_WARN_DIRECT_OBJC_ISA_USAGE = YES_ERROR;
				CLANG_WARN_EMPTY_BODY = YES;
				CLANG_WARN_ENUM_CONVERSION = YES;
				CLANG_WARN_INT_CONVERSION = YES;
				CLANG_WARN_OBJC_ROOT_CLASS = YES_ERROR;
				CLANG_WARN_UNREACHABLE_CODE = YES;
				CLANG_WARN__DUPLICATE_METHOD_MATCH = YES;
				"CODE_SIGN_IDENTITY[sdk=iphoneos*]" = "iPhone Developer";
				COPY_PHASE_STRIP = NO;
				ENABLE_STRICT_OBJC_MSGSEND = YES;
				GCC_C_LANGUAGE_STANDARD = gnu99;
				GCC_DYNAMIC_NO_PIC = NO;
				GCC_OPTIMIZATION_LEVEL = 0;
				GCC_PREPROCESSOR_DEFINITIONS = (
					"DEBUG=1",
					"$(inherited)",
				);
				GCC_SYMBOLS_PRIVATE_EXTERN = NO;
				GCC_WARN_64_TO_32_BIT_CONVERSION = YES;
				GCC_WARN_ABOUT_RETURN_TYPE = YES_ERROR;
				GCC_WARN_UNDECLARED_SELECTOR = YES;
				GCC_WARN_UNINITIALIZED_AUTOS = YES_AGGRESSIVE;
				GCC_WARN_UNUSED_FUNCTION = YES;
				GCC_WARN_UNUSED_VARIABLE = YES;
				IPHONEOS_DEPLOYMENT_TARGET = 8.1;
				MTL_ENABLE_DEBUG_INFO = YES;
				ONLY_ACTIVE_ARCH = YES;
				SDKROOT = iphoneos;
				SWIFT_OPTIMIZATION_LEVEL = "-Onone";
				TARGETED_DEVICE_FAMILY = "1,2";
			};
			name = Debug;
		};
		8392294A1A79BA6E001E098F /* Release */ = {
			isa = XCBuildConfiguration;
			buildSettings = {
				ALWAYS_SEARCH_USER_PATHS = NO;
				CLANG_CXX_LANGUAGE_STANDARD = "gnu++0x";
				CLANG_CXX_LIBRARY = "libc++";
				CLANG_ENABLE_MODULES = YES;
				CLANG_ENABLE_OBJC_ARC = YES;
				CLANG_WARN_BOOL_CONVERSION = YES;
				CLANG_WARN_CONSTANT_CONVERSION = YES;
				CLANG_WARN_DIRECT_OBJC_ISA_USAGE = YES_ERROR;
				CLANG_WARN_EMPTY_BODY = YES;
				CLANG_WARN_ENUM_CONVERSION = YES;
				CLANG_WARN_INT_CONVERSION = YES;
				CLANG_WARN_OBJC_ROOT_CLASS = YES_ERROR;
				CLANG_WARN_UNREACHABLE_CODE = YES;
				CLANG_WARN__DUPLICATE_METHOD_MATCH = YES;
				"CODE_SIGN_IDENTITY[sdk=iphoneos*]" = "iPhone Developer";
				COPY_PHASE_STRIP = YES;
				ENABLE_NS_ASSERTIONS = NO;
				ENABLE_STRICT_OBJC_MSGSEND = YES;
				GCC_C_LANGUAGE_STANDARD = gnu99;
				GCC_WARN_64_TO_32_BIT_CONVERSION = YES;
				GCC_WARN_ABOUT_RETURN_TYPE = YES_ERROR;
				GCC_WARN_UNDECLARED_SELECTOR = YES;
				GCC_WARN_UNINITIALIZED_AUTOS = YES_AGGRESSIVE;
				GCC_WARN_UNUSED_FUNCTION = YES;
				GCC_WARN_UNUSED_VARIABLE = YES;
				IPHONEOS_DEPLOYMENT_TARGET = 8.1;
				MTL_ENABLE_DEBUG_INFO = NO;
				SDKROOT = iphoneos;
				TARGETED_DEVICE_FAMILY = "1,2";
				VALIDATE_PRODUCT = YES;
			};
			name = Release;
		};
		8392294C1A79BA6E001E098F /* Debug */ = {
			isa = XCBuildConfiguration;
			buildSettings = {
				ASSETCATALOG_COMPILER_APPICON_NAME = AppIcon;
				INFOPLIST_FILE = EdmundsAPI/Info.plist;
				LD_RUNPATH_SEARCH_PATHS = "$(inherited) @executable_path/Frameworks";
				PRODUCT_NAME = "$(TARGET_NAME)";
			};
			name = Debug;
		};
		8392294D1A79BA6E001E098F /* Release */ = {
			isa = XCBuildConfiguration;
			buildSettings = {
				ASSETCATALOG_COMPILER_APPICON_NAME = AppIcon;
				INFOPLIST_FILE = EdmundsAPI/Info.plist;
				LD_RUNPATH_SEARCH_PATHS = "$(inherited) @executable_path/Frameworks";
				PRODUCT_NAME = "$(TARGET_NAME)";
			};
			name = Release;
		};
		8392294F1A79BA6E001E098F /* Debug */ = {
			isa = XCBuildConfiguration;
			buildSettings = {
				BUNDLE_LOADER = "$(TEST_HOST)";
				FRAMEWORK_SEARCH_PATHS = (
					"$(SDKROOT)/Developer/Library/Frameworks",
					"$(inherited)",
				);
				GCC_PREPROCESSOR_DEFINITIONS = (
					"DEBUG=1",
					"$(inherited)",
				);
				INFOPLIST_FILE = EdmundsAPITests/Info.plist;
				LD_RUNPATH_SEARCH_PATHS = "$(inherited) @executable_path/Frameworks @loader_path/Frameworks";
				PRODUCT_NAME = "$(TARGET_NAME)";
				TEST_HOST = "$(BUILT_PRODUCTS_DIR)/EdmundsAPI.app/EdmundsAPI";
			};
			name = Debug;
		};
		839229501A79BA6E001E098F /* Release */ = {
			isa = XCBuildConfiguration;
			buildSettings = {
				BUNDLE_LOADER = "$(TEST_HOST)";
				FRAMEWORK_SEARCH_PATHS = (
					"$(SDKROOT)/Developer/Library/Frameworks",
					"$(inherited)",
				);
				INFOPLIST_FILE = EdmundsAPITests/Info.plist;
				LD_RUNPATH_SEARCH_PATHS = "$(inherited) @executable_path/Frameworks @loader_path/Frameworks";
				PRODUCT_NAME = "$(TARGET_NAME)";
				TEST_HOST = "$(BUILT_PRODUCTS_DIR)/EdmundsAPI.app/EdmundsAPI";
			};
			name = Release;
		};
/* End XCBuildConfiguration section */

/* Begin XCConfigurationList section */
		839229271A79BA6E001E098F /* Build configuration list for PBXProject "EdmundsAPI" */ = {
			isa = XCConfigurationList;
			buildConfigurations = (
				839229491A79BA6E001E098F /* Debug */,
				8392294A1A79BA6E001E098F /* Release */,
			);
			defaultConfigurationIsVisible = 0;
			defaultConfigurationName = Release;
		};
		8392294B1A79BA6E001E098F /* Build configuration list for PBXNativeTarget "EdmundsAPI" */ = {
			isa = XCConfigurationList;
			buildConfigurations = (
				8392294C1A79BA6E001E098F /* Debug */,
				8392294D1A79BA6E001E098F /* Release */,
			);
			defaultConfigurationIsVisible = 0;
			defaultConfigurationName = Release;
		};
		8392294E1A79BA6E001E098F /* Build configuration list for PBXNativeTarget "EdmundsAPITests" */ = {
			isa = XCConfigurationList;
			buildConfigurations = (
				8392294F1A79BA6E001E098F /* Debug */,
				839229501A79BA6E001E098F /* Release */,
			);
			defaultConfigurationIsVisible = 0;
			defaultConfigurationName = Release;
		};
/* End XCConfigurationList section */
	};
	rootObject = 839229241A79BA6D001E098F /* Project object */;
}
